# @generated by Move, please check-in and do not edit manually.

[move]
version = 3
manifest_digest = "29F4FCEF42511AAC9FBC2D5428ECE6D5F579A2B4694E92CB592FE3C0463BAEC0"
deps_digest = "F8BBB0CCB2491CA29A3DF03D6F92277A4F3574266507ACD77214D37ECA3F3082"
dependencies = [
  { id = "Sui", name = "Sui" },
]

[[move.package]]
id = "MoveStdlib"
source = { git = "https://github.com/MystenLabs/sui.git", rev = "framework/testnet", subdir = "crates/sui-framework/packages/move-stdlib" }

[[move.package]]
id = "Sui"
source = { git = "https://github.com/MystenLabs/sui.git", rev = "framework/testnet", subdir = "crates/sui-framework/packages/sui-framework" }

dependencies = [
  { id = "MoveStdlib", name = "MoveStdlib" },
]

[move.toolchain-version]
compiler-version = "1.36.2"
edition = "2024.beta"
flavor = "sui"

[env]

[env.testnet]
chain-id = "4c78adac"
original-published-id = "0x0eace855104160ac7b61032e53e25804137ceb77f9336361154e99dce933ec75"
latest-published-id = "0xc16e45cb4573e7e66eb2da8f5f8527b3d8286adc9690688b585c6f42d540c7b3"
published-version = "2"
